github.com/random-names/go v0.0.0-20190609025437-4cca751ffd3b h1:zoygtqmtDrSdPPrII/yf2pY1J2w4f3Nw/TOZQ0M4Bbo=
github.com/random-names/go v0.0.0-20190609025437-4cca751ffd3b/go.mod h1:SJUWdwBnVA1OEPaBWTAHgKveCUkJbFm8UnQ53wYFUTk=
github.com/random-names/names v0.0.0-20190601153910-592b8341554e h1:7vF0/SFQ9AWfbk/g8xJUSJE9erpTJPmLCfWTHr/qzoY=
github.com/random-names/names v0.0.0-20190601153910-592b8341554e/go.mod h1:gGe1Ob/hc3f395HRdftVHPRWuRDA6ueVJnjS7UQOo5M=
